// !$*UTF8*$!
{
	archiveVersion = 1;
	classes = {
	};
	objectVersion = 56;
	objects = {

/* Begin PBXBuildFile section */
		819F27502CAF707C00F3DF50 /* Profile.swift in Sources */ = {isa = PBXBuildFile; fileRef = 819F274F2CAF707C00F3DF50 /* Profile.swift */; };
		81B7E1AB2CAB9119001BA47F /* Auth0 in Frameworks */ = {isa = PBXBuildFile; productRef = 81B7E1AA2CAB9119001BA47F /* Auth0 */; };
		81F7C4DE2CAB808C003E366F /* Auth0.plist in Resources */ = {isa = PBXBuildFile; fileRef = 81F7C4DD2CAB808B003E366F /* Auth0.plist */; };
		B081B1022CAA923800508E5D /* TaskRepository.swift in Sources */ = {isa = PBXBuildFile; fileRef = B081B1012CAA923800508E5D /* TaskRepository.swift */; };
		B081B1082CAA92CE00508E5D /* MoodView.swift in Sources */ = {isa = PBXBuildFile; fileRef = B081B1072CAA92CE00508E5D /* MoodView.swift */; };
		B081B10A2CAA938000508E5D /* DateFormatter.swift in Sources */ = {isa = PBXBuildFile; fileRef = B081B1092CAA938000508E5D /* DateFormatter.swift */; };
		B0CF7F1A2CAA870D006D1087 /* a2_s3911598App.swift in Sources */ = {isa = PBXBuildFile; fileRef = B0CF7F192CAA870D006D1087 /* a2_s3911598App.swift */; };
		B0CF7F1C2CAA870D006D1087 /* ContentView.swift in Sources */ = {isa = PBXBuildFile; fileRef = B0CF7F1B2CAA870D006D1087 /* ContentView.swift */; };
		B0CF7F1E2CAA870D006D1087 /* Item.swift in Sources */ = {isa = PBXBuildFile; fileRef = B0CF7F1D2CAA870D006D1087 /* Item.swift */; };
		B0CF7F232CAA870E006D1087 /* Preview Assets.xcassets in Resources */ = {isa = PBXBuildFile; fileRef = B0CF7F222CAA870E006D1087 /* Preview Assets.xcassets */; };
		B0CF7F2D2CAA870E006D1087 /* a2_s3911598Tests.swift in Sources */ = {isa = PBXBuildFile; fileRef = B0CF7F2C2CAA870E006D1087 /* a2_s3911598Tests.swift */; };
		B0CF7F372CAA870E006D1087 /* a2_s3911598UITests.swift in Sources */ = {isa = PBXBuildFile; fileRef = B0CF7F362CAA870E006D1087 /* a2_s3911598UITests.swift */; };
		B0CF7F392CAA870E006D1087 /* a2_s3911598UITestsLaunchTests.swift in Sources */ = {isa = PBXBuildFile; fileRef = B0CF7F382CAA870E006D1087 /* a2_s3911598UITestsLaunchTests.swift */; };
		B0CF7FB12CAA8DD7006D1087 /* DailyTaskView.swift in Sources */ = {isa = PBXBuildFile; fileRef = B0CF7FB02CAA8DD7006D1087 /* DailyTaskView.swift */; };
		B0CF7FB42CAA8E24006D1087 /* Task.swift in Sources */ = {isa = PBXBuildFile; fileRef = B0CF7FB32CAA8E24006D1087 /* Task.swift */; };
		B0E0FA1C2CACD2380028F724 /* Assets.xcassets in Resources */ = {isa = PBXBuildFile; fileRef = B0E0FA1B2CACD2380028F724 /* Assets.xcassets */; };
		B0E0FA2A2CAE262B0028F724 /* TaskCardView.swift in Sources */ = {isa = PBXBuildFile; fileRef = B0E0FA292CAE262B0028F724 /* TaskCardView.swift */; };
		B0E0FA2C2CAE265D0028F724 /* TaskDetailView.swift in Sources */ = {isa = PBXBuildFile; fileRef = B0E0FA2B2CAE265D0028F724 /* TaskDetailView.swift */; };
		B0E0FA2E2CAF69940028F724 /* Mood.swift in Sources */ = {isa = PBXBuildFile; fileRef = B0E0FA2D2CAF69940028F724 /* Mood.swift */; };
		B0E0FA302CAF6A0D0028F724 /* CalendarView.swift in Sources */ = {isa = PBXBuildFile; fileRef = B0E0FA2F2CAF6A0D0028F724 /* CalendarView.swift */; };
		B0E0FA322CAF6A270028F724 /* MoodDetailView.swift in Sources */ = {isa = PBXBuildFile; fileRef = B0E0FA312CAF6A270028F724 /* MoodDetailView.swift */; };
		B0E0FA342CAF6A300028F724 /* MoodTrackingView.swift in Sources */ = {isa = PBXBuildFile; fileRef = B0E0FA332CAF6A300028F724 /* MoodTrackingView.swift */; };
		B0E0FA362CAF6A3A0028F724 /* MoodRepository.swift in Sources */ = {isa = PBXBuildFile; fileRef = B0E0FA352CAF6A3A0028F724 /* MoodRepository.swift */; };
/* End PBXBuildFile section */

/* Begin PBXContainerItemProxy section */
		B0CF7F292CAA870E006D1087 /* PBXContainerItemProxy */ = {
			isa = PBXContainerItemProxy;
			containerPortal = B0CF7F0E2CAA870D006D1087 /* Project object */;
			proxyType = 1;
			remoteGlobalIDString = B0CF7F152CAA870D006D1087;
			remoteInfo = a2_s3911598;
		};
		B0CF7F332CAA870E006D1087 /* PBXContainerItemProxy */ = {
			isa = PBXContainerItemProxy;
			containerPortal = B0CF7F0E2CAA870D006D1087 /* Project object */;
			proxyType = 1;
			remoteGlobalIDString = B0CF7F152CAA870D006D1087;
			remoteInfo = a2_s3911598;
		};
/* End PBXContainerItemProxy section */

/* Begin PBXFileReference section */
		819F274F2CAF707C00F3DF50 /* Profile.swift */ = {isa = PBXFileReference; lastKnownFileType = sourcecode.swift; path = Profile.swift; sourceTree = "<group>"; };
		81F7C4DD2CAB808B003E366F /* Auth0.plist */ = {isa = PBXFileReference; lastKnownFileType = text.plist.xml; path = Auth0.plist; sourceTree = "<group>"; };
		B081B1012CAA923800508E5D /* TaskRepository.swift */ = {isa = PBXFileReference; lastKnownFileType = sourcecode.swift; path = TaskRepository.swift; sourceTree = "<group>"; };
		B081B1072CAA92CE00508E5D /* MoodView.swift */ = {isa = PBXFileReference; lastKnownFileType = sourcecode.swift; path = MoodView.swift; sourceTree = "<group>"; };
		B081B1092CAA938000508E5D /* DateFormatter.swift */ = {isa = PBXFileReference; lastKnownFileType = sourcecode.swift; path = DateFormatter.swift; sourceTree = "<group>"; };
		B0CF7F162CAA870D006D1087 /* a2_s3911598.app */ = {isa = PBXFileReference; explicitFileType = wrapper.application; includeInIndex = 0; path = a2_s3911598.app; sourceTree = BUILT_PRODUCTS_DIR; };
		B0CF7F192CAA870D006D1087 /* a2_s3911598App.swift */ = {isa = PBXFileReference; lastKnownFileType = sourcecode.swift; path = a2_s3911598App.swift; sourceTree = "<group>"; };
		B0CF7F1B2CAA870D006D1087 /* ContentView.swift */ = {isa = PBXFileReference; lastKnownFileType = sourcecode.swift; path = ContentView.swift; sourceTree = "<group>"; };
		B0CF7F1D2CAA870D006D1087 /* Item.swift */ = {isa = PBXFileReference; lastKnownFileType = sourcecode.swift; path = Item.swift; sourceTree = "<group>"; };
		B0CF7F222CAA870E006D1087 /* Preview Assets.xcassets */ = {isa = PBXFileReference; lastKnownFileType = folder.assetcatalog; path = "Preview Assets.xcassets"; sourceTree = "<group>"; };
		B0CF7F282CAA870E006D1087 /* a2_s3911598Tests.xctest */ = {isa = PBXFileReference; explicitFileType = wrapper.cfbundle; includeInIndex = 0; path = a2_s3911598Tests.xctest; sourceTree = BUILT_PRODUCTS_DIR; };
		B0CF7F2C2CAA870E006D1087 /* a2_s3911598Tests.swift */ = {isa = PBXFileReference; lastKnownFileType = sourcecode.swift; path = a2_s3911598Tests.swift; sourceTree = "<group>"; };
		B0CF7F322CAA870E006D1087 /* a2_s3911598UITests.xctest */ = {isa = PBXFileReference; explicitFileType = wrapper.cfbundle; includeInIndex = 0; path = a2_s3911598UITests.xctest; sourceTree = BUILT_PRODUCTS_DIR; };
		B0CF7F362CAA870E006D1087 /* a2_s3911598UITests.swift */ = {isa = PBXFileReference; lastKnownFileType = sourcecode.swift; path = a2_s3911598UITests.swift; sourceTree = "<group>"; };
		B0CF7F382CAA870E006D1087 /* a2_s3911598UITestsLaunchTests.swift */ = {isa = PBXFileReference; lastKnownFileType = sourcecode.swift; path = a2_s3911598UITestsLaunchTests.swift; sourceTree = "<group>"; };
		B0CF7FB02CAA8DD7006D1087 /* DailyTaskView.swift */ = {isa = PBXFileReference; lastKnownFileType = sourcecode.swift; path = DailyTaskView.swift; sourceTree = "<group>"; };
		B0CF7FB32CAA8E24006D1087 /* Task.swift */ = {isa = PBXFileReference; lastKnownFileType = sourcecode.swift; path = Task.swift; sourceTree = "<group>"; };
		B0E0FA1B2CACD2380028F724 /* Assets.xcassets */ = {isa = PBXFileReference; lastKnownFileType = folder.assetcatalog; path = Assets.xcassets; sourceTree = "<group>"; };
		B0E0FA292CAE262B0028F724 /* TaskCardView.swift */ = {isa = PBXFileReference; lastKnownFileType = sourcecode.swift; path = TaskCardView.swift; sourceTree = "<group>"; };
		B0E0FA2B2CAE265D0028F724 /* TaskDetailView.swift */ = {isa = PBXFileReference; lastKnownFileType = sourcecode.swift; path = TaskDetailView.swift; sourceTree = "<group>"; };
		B0E0FA2D2CAF69940028F724 /* Mood.swift */ = {isa = PBXFileReference; fileEncoding = 4; lastKnownFileType = sourcecode.swift; path = Mood.swift; sourceTree = "<group>"; };
		B0E0FA2F2CAF6A0D0028F724 /* CalendarView.swift */ = {isa = PBXFileReference; fileEncoding = 4; lastKnownFileType = sourcecode.swift; name = CalendarView.swift; path = a2_s3911598/Views/Mood/CalendarView.swift; sourceTree = SOURCE_ROOT; };
		B0E0FA312CAF6A270028F724 /* MoodDetailView.swift */ = {isa = PBXFileReference; fileEncoding = 4; lastKnownFileType = sourcecode.swift; path = MoodDetailView.swift; sourceTree = "<group>"; };
		B0E0FA332CAF6A300028F724 /* MoodTrackingView.swift */ = {isa = PBXFileReference; fileEncoding = 4; lastKnownFileType = sourcecode.swift; path = MoodTrackingView.swift; sourceTree = "<group>"; };
		B0E0FA352CAF6A3A0028F724 /* MoodRepository.swift */ = {isa = PBXFileReference; fileEncoding = 4; lastKnownFileType = sourcecode.swift; path = MoodRepository.swift; sourceTree = "<group>"; };
/* End PBXFileReference section */

/* Begin PBXFrameworksBuildPhase section */
		B0CF7F132CAA870D006D1087 /* Frameworks */ = {
			isa = PBXFrameworksBuildPhase;
			buildActionMask = 2147483647;
			files = (
				81B7E1AB2CAB9119001BA47F /* Auth0 in Frameworks */,
			);
			runOnlyForDeploymentPostprocessing = 0;
		};
		B0CF7F252CAA870E006D1087 /* Frameworks */ = {
			isa = PBXFrameworksBuildPhase;
			buildActionMask = 2147483647;
			files = (
			);
			runOnlyForDeploymentPostprocessing = 0;
		};
		B0CF7F2F2CAA870E006D1087 /* Frameworks */ = {
			isa = PBXFrameworksBuildPhase;
			buildActionMask = 2147483647;
			files = (
			);
			runOnlyForDeploymentPostprocessing = 0;
		};
/* End PBXFrameworksBuildPhase section */

/* Begin PBXGroup section */
		8110FF6B2CB0129F000A5888 /* Mood */ = {
			isa = PBXGroup;
			children = (
				B0E0FA312CAF6A270028F724 /* MoodDetailView.swift */,
				B0E0FA332CAF6A300028F724 /* MoodTrackingView.swift */,
				B0E0FA2F2CAF6A0D0028F724 /* CalendarView.swift */,
				B081B1072CAA92CE00508E5D /* MoodView.swift */,
			);
			path = Mood;
			sourceTree = "<group>";
		};
		819F274E2CAF706400F3DF50 /* Data */ = {
			isa = PBXGroup;
			children = (
				819F274F2CAF707C00F3DF50 /* Profile.swift */,
			);
			path = Data;
			sourceTree = "<group>";
		};
		B081B1002CAA921700508E5D /* Repository */ = {
			isa = PBXGroup;
			children = (
				B0E0FA352CAF6A3A0028F724 /* MoodRepository.swift */,
				B081B1012CAA923800508E5D /* TaskRepository.swift */,
			);
			path = Repository;
			sourceTree = "<group>";
		};
		B0CF7F0D2CAA870D006D1087 = {
			isa = PBXGroup;
			children = (
				B0CF7F182CAA870D006D1087 /* a2_s3911598 */,
				B0CF7F2B2CAA870E006D1087 /* a2_s3911598Tests */,
				B0CF7F352CAA870E006D1087 /* a2_s3911598UITests */,
				B0CF7F172CAA870D006D1087 /* Products */,
			);
			sourceTree = "<group>";
		};
		B0CF7F172CAA870D006D1087 /* Products */ = {
			isa = PBXGroup;
			children = (
				B0CF7F162CAA870D006D1087 /* a2_s3911598.app */,
				B0CF7F282CAA870E006D1087 /* a2_s3911598Tests.xctest */,
				B0CF7F322CAA870E006D1087 /* a2_s3911598UITests.xctest */,
			);
			name = Products;
			sourceTree = "<group>";
		};
		B0CF7F182CAA870D006D1087 /* a2_s3911598 */ = {
			isa = PBXGroup;
			children = (
				819F274E2CAF706400F3DF50 /* Data */,
				B081B1002CAA921700508E5D /* Repository */,
				B0CF7FB22CAA8E14006D1087 /* Models */,
				B0CF7FAF2CAA8DC1006D1087 /* Views */,
				B0CF7F192CAA870D006D1087 /* a2_s3911598App.swift */,
				B0CF7F1B2CAA870D006D1087 /* ContentView.swift */,
				B0CF7F1D2CAA870D006D1087 /* Item.swift */,
				B0CF7F212CAA870E006D1087 /* Preview Content */,
				81F7C4DD2CAB808B003E366F /* Auth0.plist */,
				B0E0FA1B2CACD2380028F724 /* Assets.xcassets */,
			);
			path = a2_s3911598;
			sourceTree = "<group>";
		};
		B0CF7F212CAA870E006D1087 /* Preview Content */ = {
			isa = PBXGroup;
			children = (
				B0CF7F222CAA870E006D1087 /* Preview Assets.xcassets */,
			);
			path = "Preview Content";
			sourceTree = "<group>";
		};
		B0CF7F2B2CAA870E006D1087 /* a2_s3911598Tests */ = {
			isa = PBXGroup;
			children = (
				B0CF7F2C2CAA870E006D1087 /* a2_s3911598Tests.swift */,
			);
			path = a2_s3911598Tests;
			sourceTree = "<group>";
		};
		B0CF7F352CAA870E006D1087 /* a2_s3911598UITests */ = {
			isa = PBXGroup;
			children = (
				B0CF7F362CAA870E006D1087 /* a2_s3911598UITests.swift */,
				B0CF7F382CAA870E006D1087 /* a2_s3911598UITestsLaunchTests.swift */,
			);
			path = a2_s3911598UITests;
			sourceTree = "<group>";
		};
		B0CF7FAF2CAA8DC1006D1087 /* Views */ = {
			isa = PBXGroup;
			children = (
				8110FF6B2CB0129F000A5888 /* Mood */,
				B0E0FA282CAE26100028F724 /* DailyTaskView */,
			);
			path = Views;
			sourceTree = "<group>";
		};
		B0CF7FB22CAA8E14006D1087 /* Models */ = {
			isa = PBXGroup;
			children = (
				B0E0FA2D2CAF69940028F724 /* Mood.swift */,
				B0CF7FB32CAA8E24006D1087 /* Task.swift */,
				B081B1092CAA938000508E5D /* DateFormatter.swift */,
			);
			path = Models;
			sourceTree = "<group>";
		};
		B0E0FA282CAE26100028F724 /* DailyTaskView */ = {
			isa = PBXGroup;
			children = (
				B0CF7FB02CAA8DD7006D1087 /* DailyTaskView.swift */,
				B0E0FA292CAE262B0028F724 /* TaskCardView.swift */,
				B0E0FA2B2CAE265D0028F724 /* TaskDetailView.swift */,
			);
			path = DailyTaskView;
			sourceTree = "<group>";
		};
/* End PBXGroup section */

/* Begin PBXNativeTarget section */
		B0CF7F152CAA870D006D1087 /* a2_s3911598 */ = {
			isa = PBXNativeTarget;
			buildConfigurationList = B0CF7F3C2CAA870E006D1087 /* Build configuration list for PBXNativeTarget "a2_s3911598" */;
			buildPhases = (
				B0CF7F122CAA870D006D1087 /* Sources */,
				B0CF7F132CAA870D006D1087 /* Frameworks */,
				B0CF7F142CAA870D006D1087 /* Resources */,
			);
			buildRules = (
			);
			dependencies = (
			);
			name = a2_s3911598;
			packageProductDependencies = (
				81B7E1AA2CAB9119001BA47F /* Auth0 */,
			);
			productName = a2_s3911598;
			productReference = B0CF7F162CAA870D006D1087 /* a2_s3911598.app */;
			productType = "com.apple.product-type.application";
		};
		B0CF7F272CAA870E006D1087 /* a2_s3911598Tests */ = {
			isa = PBXNativeTarget;
			buildConfigurationList = B0CF7F3F2CAA870E006D1087 /* Build configuration list for PBXNativeTarget "a2_s3911598Tests" */;
			buildPhases = (
				B0CF7F242CAA870E006D1087 /* Sources */,
				B0CF7F252CAA870E006D1087 /* Frameworks */,
				B0CF7F262CAA870E006D1087 /* Resources */,
			);
			buildRules = (
			);
			dependencies = (
				B0CF7F2A2CAA870E006D1087 /* PBXTargetDependency */,
			);
			name = a2_s3911598Tests;
			productName = a2_s3911598Tests;
			productReference = B0CF7F282CAA870E006D1087 /* a2_s3911598Tests.xctest */;
			productType = "com.apple.product-type.bundle.unit-test";
		};
		B0CF7F312CAA870E006D1087 /* a2_s3911598UITests */ = {
			isa = PBXNativeTarget;
			buildConfigurationList = B0CF7F422CAA870E006D1087 /* Build configuration list for PBXNativeTarget "a2_s3911598UITests" */;
			buildPhases = (
				B0CF7F2E2CAA870E006D1087 /* Sources */,
				B0CF7F2F2CAA870E006D1087 /* Frameworks */,
				B0CF7F302CAA870E006D1087 /* Resources */,
			);
			buildRules = (
			);
			dependencies = (
				B0CF7F342CAA870E006D1087 /* PBXTargetDependency */,
			);
			name = a2_s3911598UITests;
			productName = a2_s3911598UITests;
			productReference = B0CF7F322CAA870E006D1087 /* a2_s3911598UITests.xctest */;
			productType = "com.apple.product-type.bundle.ui-testing";
		};
/* End PBXNativeTarget section */

/* Begin PBXProject section */
		B0CF7F0E2CAA870D006D1087 /* Project object */ = {
			isa = PBXProject;
			attributes = {
				BuildIndependentTargetsInParallel = 1;
				LastSwiftUpdateCheck = 1540;
				LastUpgradeCheck = 1540;
				TargetAttributes = {
					B0CF7F152CAA870D006D1087 = {
						CreatedOnToolsVersion = 15.4;
					};
					B0CF7F272CAA870E006D1087 = {
						CreatedOnToolsVersion = 15.4;
						TestTargetID = B0CF7F152CAA870D006D1087;
					};
					B0CF7F312CAA870E006D1087 = {
						CreatedOnToolsVersion = 15.4;
						TestTargetID = B0CF7F152CAA870D006D1087;
					};
				};
			};
			buildConfigurationList = B0CF7F112CAA870D006D1087 /* Build configuration list for PBXProject "a2_s3911598" */;
			compatibilityVersion = "Xcode 14.0";
			developmentRegion = en;
			hasScannedForEncodings = 0;
			knownRegions = (
				en,
				Base,
			);
			mainGroup = B0CF7F0D2CAA870D006D1087;
			packageReferences = (
				81F7C4DC2CAB7535003E366F /* XCRemoteSwiftPackageReference "Auth0" */,
			);
			productRefGroup = B0CF7F172CAA870D006D1087 /* Products */;
			projectDirPath = "";
			projectRoot = "";
			targets = (
				B0CF7F152CAA870D006D1087 /* a2_s3911598 */,
				B0CF7F272CAA870E006D1087 /* a2_s3911598Tests */,
				B0CF7F312CAA870E006D1087 /* a2_s3911598UITests */,
			);
		};
/* End PBXProject section */

/* Begin PBXResourcesBuildPhase section */
		B0CF7F142CAA870D006D1087 /* Resources */ = {
			isa = PBXResourcesBuildPhase;
			buildActionMask = 2147483647;
			files = (
				B0CF7F232CAA870E006D1087 /* Preview Assets.xcassets in Resources */,
				81F7C4DE2CAB808C003E366F /* Auth0.plist in Resources */,
				B0E0FA1C2CACD2380028F724 /* Assets.xcassets in Resources */,
			);
			runOnlyForDeploymentPostprocessing = 0;
		};
		B0CF7F262CAA870E006D1087 /* Resources */ = {
			isa = PBXResourcesBuildPhase;
			buildActionMask = 2147483647;
			files = (
			);
			runOnlyForDeploymentPostprocessing = 0;
		};
		B0CF7F302CAA870E006D1087 /* Resources */ = {
			isa = PBXResourcesBuildPhase;
			buildActionMask = 2147483647;
			files = (
			);
			runOnlyForDeploymentPostprocessing = 0;
		};
/* End PBXResourcesBuildPhase section */

/* Begin PBXSourcesBuildPhase section */
		B0CF7F122CAA870D006D1087 /* Sources */ = {
			isa = PBXSourcesBuildPhase;
			buildActionMask = 2147483647;
			files = (
				B0E0FA2C2CAE265D0028F724 /* TaskDetailView.swift in Sources */,
				B081B10A2CAA938000508E5D /* DateFormatter.swift in Sources */,
				B0E0FA322CAF6A270028F724 /* MoodDetailView.swift in Sources */,
				B0E0FA342CAF6A300028F724 /* MoodTrackingView.swift in Sources */,
				B081B1022CAA923800508E5D /* TaskRepository.swift in Sources */,
				B0E0FA2E2CAF69940028F724 /* Mood.swift in Sources */,
				B0CF7F1C2CAA870D006D1087 /* ContentView.swift in Sources */,
				B0E0FA302CAF6A0D0028F724 /* CalendarView.swift in Sources */,
				B0CF7F1E2CAA870D006D1087 /* Item.swift in Sources */,
				819F27502CAF707C00F3DF50 /* Profile.swift in Sources */,
				B081B1082CAA92CE00508E5D /* MoodView.swift in Sources */,
				B0CF7FB42CAA8E24006D1087 /* Task.swift in Sources */,
				B0CF7F1A2CAA870D006D1087 /* a2_s3911598App.swift in Sources */,
				B0CF7FB12CAA8DD7006D1087 /* DailyTaskView.swift in Sources */,
				B0E0FA362CAF6A3A0028F724 /* MoodRepository.swift in Sources */,
				B0E0FA2A2CAE262B0028F724 /* TaskCardView.swift in Sources */,
			);
			runOnlyForDeploymentPostprocessing = 0;
		};
		B0CF7F242CAA870E006D1087 /* Sources */ = {
			isa = PBXSourcesBuildPhase;
			buildActionMask = 2147483647;
			files = (
				B0CF7F2D2CAA870E006D1087 /* a2_s3911598Tests.swift in Sources */,
			);
			runOnlyForDeploymentPostprocessing = 0;
		};
		B0CF7F2E2CAA870E006D1087 /* Sources */ = {
			isa = PBXSourcesBuildPhase;
			buildActionMask = 2147483647;
			files = (
				B0CF7F392CAA870E006D1087 /* a2_s3911598UITestsLaunchTests.swift in Sources */,
				B0CF7F372CAA870E006D1087 /* a2_s3911598UITests.swift in Sources */,
			);
			runOnlyForDeploymentPostprocessing = 0;
		};
/* End PBXSourcesBuildPhase section */

/* Begin PBXTargetDependency section */
		B0CF7F2A2CAA870E006D1087 /* PBXTargetDependency */ = {
			isa = PBXTargetDependency;
			target = B0CF7F152CAA870D006D1087 /* a2_s3911598 */;
			targetProxy = B0CF7F292CAA870E006D1087 /* PBXContainerItemProxy */;
		};
		B0CF7F342CAA870E006D1087 /* PBXTargetDependency */ = {
			isa = PBXTargetDependency;
			target = B0CF7F152CAA870D006D1087 /* a2_s3911598 */;
			targetProxy = B0CF7F332CAA870E006D1087 /* PBXContainerItemProxy */;
		};
/* End PBXTargetDependency section */

/* Begin XCBuildConfiguration section */
		B0CF7F3A2CAA870E006D1087 /* Debug */ = {
			isa = XCBuildConfiguration;
			buildSettings = {
				ALWAYS_SEARCH_USER_PATHS = NO;
				ASSETCATALOG_COMPILER_GENERATE_SWIFT_ASSET_SYMBOL_EXTENSIONS = YES;
				CLANG_ANALYZER_NONNULL = YES;
				CLANG_ANALYZER_NUMBER_OBJECT_CONVERSION = YES_AGGRESSIVE;
				CLANG_CXX_LANGUAGE_STANDARD = "gnu++20";
				CLANG_ENABLE_MODULES = YES;
				CLANG_ENABLE_OBJC_ARC = YES;
				CLANG_ENABLE_OBJC_WEAK = YES;
				CLANG_WARN_BLOCK_CAPTURE_AUTORELEASING = YES;
				CLANG_WARN_BOOL_CONVERSION = YES;
				CLANG_WARN_COMMA = YES;
				CLANG_WARN_CONSTANT_CONVERSION = YES;
				CLANG_WARN_DEPRECATED_OBJC_IMPLEMENTATIONS = YES;
				CLANG_WARN_DIRECT_OBJC_ISA_USAGE = YES_ERROR;
				CLANG_WARN_DOCUMENTATION_COMMENTS = YES;
				CLANG_WARN_EMPTY_BODY = YES;
				CLANG_WARN_ENUM_CONVERSION = YES;
				CLANG_WARN_INFINITE_RECURSION = YES;
				CLANG_WARN_INT_CONVERSION = YES;
				CLANG_WARN_NON_LITERAL_NULL_CONVERSION = YES;
				CLANG_WARN_OBJC_IMPLICIT_RETAIN_SELF = YES;
				CLANG_WARN_OBJC_LITERAL_CONVERSION = YES;
				CLANG_WARN_OBJC_ROOT_CLASS = YES_ERROR;
				CLANG_WARN_QUOTED_INCLUDE_IN_FRAMEWORK_HEADER = YES;
				CLANG_WARN_RANGE_LOOP_ANALYSIS = YES;
				CLANG_WARN_STRICT_PROTOTYPES = YES;
				CLANG_WARN_SUSPICIOUS_MOVE = YES;
				CLANG_WARN_UNGUARDED_AVAILABILITY = YES_AGGRESSIVE;
				CLANG_WARN_UNREACHABLE_CODE = YES;
				CLANG_WARN__DUPLICATE_METHOD_MATCH = YES;
				COPY_PHASE_STRIP = NO;
				DEBUG_INFORMATION_FORMAT = dwarf;
				ENABLE_STRICT_OBJC_MSGSEND = YES;
				ENABLE_TESTABILITY = YES;
				ENABLE_USER_SCRIPT_SANDBOXING = YES;
				GCC_C_LANGUAGE_STANDARD = gnu17;
				GCC_DYNAMIC_NO_PIC = NO;
				GCC_NO_COMMON_BLOCKS = YES;
				GCC_OPTIMIZATION_LEVEL = 0;
				GCC_PREPROCESSOR_DEFINITIONS = (
					"DEBUG=1",
					"$(inherited)",
				);
				GCC_WARN_64_TO_32_BIT_CONVERSION = YES;
				GCC_WARN_ABOUT_RETURN_TYPE = YES_ERROR;
				GCC_WARN_UNDECLARED_SELECTOR = YES;
				GCC_WARN_UNINITIALIZED_AUTOS = YES_AGGRESSIVE;
				GCC_WARN_UNUSED_FUNCTION = YES;
				GCC_WARN_UNUSED_VARIABLE = YES;
				IPHONEOS_DEPLOYMENT_TARGET = 17.5;
				LOCALIZATION_PREFERS_STRING_CATALOGS = YES;
				MTL_ENABLE_DEBUG_INFO = INCLUDE_SOURCE;
				MTL_FAST_MATH = YES;
				ONLY_ACTIVE_ARCH = YES;
				SDKROOT = iphoneos;
				SWIFT_ACTIVE_COMPILATION_CONDITIONS = "DEBUG $(inherited)";
				SWIFT_OPTIMIZATION_LEVEL = "-Onone";
			};
			name = Debug;
		};
		B0CF7F3B2CAA870E006D1087 /* Release */ = {
			isa = XCBuildConfiguration;
			buildSettings = {
				ALWAYS_SEARCH_USER_PATHS = NO;
				ASSETCATALOG_COMPILER_GENERATE_SWIFT_ASSET_SYMBOL_EXTENSIONS = YES;
				CLANG_ANALYZER_NONNULL = YES;
				CLANG_ANALYZER_NUMBER_OBJECT_CONVERSION = YES_AGGRESSIVE;
				CLANG_CXX_LANGUAGE_STANDARD = "gnu++20";
				CLANG_ENABLE_MODULES = YES;
				CLANG_ENABLE_OBJC_ARC = YES;
				CLANG_ENABLE_OBJC_WEAK = YES;
				CLANG_WARN_BLOCK_CAPTURE_AUTORELEASING = YES;
				CLANG_WARN_BOOL_CONVERSION = YES;
				CLANG_WARN_COMMA = YES;
				CLANG_WARN_CONSTANT_CONVERSION = YES;
				CLANG_WARN_DEPRECATED_OBJC_IMPLEMENTATIONS = YES;
				CLANG_WARN_DIRECT_OBJC_ISA_USAGE = YES_ERROR;
				CLANG_WARN_DOCUMENTATION_COMMENTS = YES;
				CLANG_WARN_EMPTY_BODY = YES;
				CLANG_WARN_ENUM_CONVERSION = YES;
				CLANG_WARN_INFINITE_RECURSION = YES;
				CLANG_WARN_INT_CONVERSION = YES;
				CLANG_WARN_NON_LITERAL_NULL_CONVERSION = YES;
				CLANG_WARN_OBJC_IMPLICIT_RETAIN_SELF = YES;
				CLANG_WARN_OBJC_LITERAL_CONVERSION = YES;
				CLANG_WARN_OBJC_ROOT_CLASS = YES_ERROR;
				CLANG_WARN_QUOTED_INCLUDE_IN_FRAMEWORK_HEADER = YES;
				CLANG_WARN_RANGE_LOOP_ANALYSIS = YES;
				CLANG_WARN_STRICT_PROTOTYPES = YES;
				CLANG_WARN_SUSPICIOUS_MOVE = YES;
				CLANG_WARN_UNGUARDED_AVAILABILITY = YES_AGGRESSIVE;
				CLANG_WARN_UNREACHABLE_CODE = YES;
				CLANG_WARN__DUPLICATE_METHOD_MATCH = YES;
				COPY_PHASE_STRIP = NO;
				DEBUG_INFORMATION_FORMAT = "dwarf-with-dsym";
				ENABLE_NS_ASSERTIONS = NO;
				ENABLE_STRICT_OBJC_MSGSEND = YES;
				ENABLE_USER_SCRIPT_SANDBOXING = YES;
				GCC_C_LANGUAGE_STANDARD = gnu17;
				GCC_NO_COMMON_BLOCKS = YES;
				GCC_WARN_64_TO_32_BIT_CONVERSION = YES;
				GCC_WARN_ABOUT_RETURN_TYPE = YES_ERROR;
				GCC_WARN_UNDECLARED_SELECTOR = YES;
				GCC_WARN_UNINITIALIZED_AUTOS = YES_AGGRESSIVE;
				GCC_WARN_UNUSED_FUNCTION = YES;
				GCC_WARN_UNUSED_VARIABLE = YES;
				IPHONEOS_DEPLOYMENT_TARGET = 17.5;
				LOCALIZATION_PREFERS_STRING_CATALOGS = YES;
				MTL_ENABLE_DEBUG_INFO = NO;
				MTL_FAST_MATH = YES;
				SDKROOT = iphoneos;
				SWIFT_COMPILATION_MODE = wholemodule;
				VALIDATE_PRODUCT = YES;
			};
			name = Release;
		};
		B0CF7F3D2CAA870E006D1087 /* Debug */ = {
			isa = XCBuildConfiguration;
			buildSettings = {
				ASSETCATALOG_COMPILER_APPICON_NAME = AppIcon;
				ASSETCATALOG_COMPILER_GLOBAL_ACCENT_COLOR_NAME = AccentColor;
				CODE_SIGN_STYLE = Automatic;
				CURRENT_PROJECT_VERSION = 1;
				DEVELOPMENT_ASSET_PATHS = "\"a2_s3911598/Preview Content\"";
				ENABLE_PREVIEWS = YES;
				GENERATE_INFOPLIST_FILE = YES;
				INFOPLIST_KEY_UIApplicationSceneManifest_Generation = YES;
				INFOPLIST_KEY_UIApplicationSupportsIndirectInputEvents = YES;
				INFOPLIST_KEY_UILaunchScreen_Generation = YES;
				INFOPLIST_KEY_UISupportedInterfaceOrientations_iPad = "UIInterfaceOrientationPortrait UIInterfaceOrientationPortraitUpsideDown UIInterfaceOrientationLandscapeLeft UIInterfaceOrientationLandscapeRight";
				INFOPLIST_KEY_UISupportedInterfaceOrientations_iPhone = "UIInterfaceOrientationPortrait UIInterfaceOrientationLandscapeLeft UIInterfaceOrientationLandscapeRight";
				LD_RUNPATH_SEARCH_PATHS = (
					"$(inherited)",
					"@executable_path/Frameworks",
				);
				MARKETING_VERSION = 1.0;
				PRODUCT_BUNDLE_IDENTIFIER = "a2-s3911598.a2-s3911598";
				PRODUCT_NAME = "$(TARGET_NAME)";
				SWIFT_EMIT_LOC_STRINGS = YES;
				SWIFT_VERSION = 5.0;
				TARGETED_DEVICE_FAMILY = "1,2";
			};
			name = Debug;
		};
		B0CF7F3E2CAA870E006D1087 /* Release */ = {
			isa = XCBuildConfiguration;
			buildSettings = {
				ASSETCATALOG_COMPILER_APPICON_NAME = AppIcon;
				ASSETCATALOG_COMPILER_GLOBAL_ACCENT_COLOR_NAME = AccentColor;
				CODE_SIGN_STYLE = Automatic;
				CURRENT_PROJECT_VERSION = 1;
				DEVELOPMENT_ASSET_PATHS = "\"a2_s3911598/Preview Content\"";
				ENABLE_PREVIEWS = YES;
				GENERATE_INFOPLIST_FILE = YES;
				INFOPLIST_KEY_UIApplicationSceneManifest_Generation = YES;
				INFOPLIST_KEY_UIApplicationSupportsIndirectInputEvents = YES;
				INFOPLIST_KEY_UILaunchScreen_Generation = YES;
				INFOPLIST_KEY_UISupportedInterfaceOrientations_iPad = "UIInterfaceOrientationPortrait UIInterfaceOrientationPortraitUpsideDown UIInterfaceOrientationLandscapeLeft UIInterfaceOrientationLandscapeRight";
				INFOPLIST_KEY_UISupportedInterfaceOrientations_iPhone = "UIInterfaceOrientationPortrait UIInterfaceOrientationLandscapeLeft UIInterfaceOrientationLandscapeRight";
				LD_RUNPATH_SEARCH_PATHS = (
					"$(inherited)",
					"@executable_path/Frameworks",
				);
				MARKETING_VERSION = 1.0;
				PRODUCT_BUNDLE_IDENTIFIER = "a2-s3911598.a2-s3911598";
				PRODUCT_NAME = "$(TARGET_NAME)";
				SWIFT_EMIT_LOC_STRINGS = YES;
				SWIFT_VERSION = 5.0;
				TARGETED_DEVICE_FAMILY = "1,2";
			};
			name = Release;
		};
		B0CF7F402CAA870E006D1087 /* Debug */ = {
			isa = XCBuildConfiguration;
			buildSettings = {
				ALWAYS_EMBED_SWIFT_STANDARD_LIBRARIES = YES;
				BUNDLE_LOADER = "$(TEST_HOST)";
				CODE_SIGN_STYLE = Automatic;
				CURRENT_PROJECT_VERSION = 1;
				GENERATE_INFOPLIST_FILE = YES;
				IPHONEOS_DEPLOYMENT_TARGET = 17.5;
				MARKETING_VERSION = 1.0;
				PRODUCT_BUNDLE_IDENTIFIER = "a2-s3911598.a2-s3911598Tests";
				PRODUCT_NAME = "$(TARGET_NAME)";
				SWIFT_EMIT_LOC_STRINGS = NO;
				SWIFT_VERSION = 5.0;
				TARGETED_DEVICE_FAMILY = "1,2";
				TEST_HOST = "$(BUILT_PRODUCTS_DIR)/a2_s3911598.app/$(BUNDLE_EXECUTABLE_FOLDER_PATH)/a2_s3911598";
			};
			name = Debug;
		};
		B0CF7F412CAA870E006D1087 /* Release */ = {
			isa = XCBuildConfiguration;
			buildSettings = {
				ALWAYS_EMBED_SWIFT_STANDARD_LIBRARIES = YES;
				BUNDLE_LOADER = "$(TEST_HOST)";
				CODE_SIGN_STYLE = Automatic;
				CURRENT_PROJECT_VERSION = 1;
				GENERATE_INFOPLIST_FILE = YES;
				IPHONEOS_DEPLOYMENT_TARGET = 17.5;
				MARKETING_VERSION = 1.0;
				PRODUCT_BUNDLE_IDENTIFIER = "a2-s3911598.a2-s3911598Tests";
				PRODUCT_NAME = "$(TARGET_NAME)";
				SWIFT_EMIT_LOC_STRINGS = NO;
				SWIFT_VERSION = 5.0;
				TARGETED_DEVICE_FAMILY = "1,2";
				TEST_HOST = "$(BUILT_PRODUCTS_DIR)/a2_s3911598.app/$(BUNDLE_EXECUTABLE_FOLDER_PATH)/a2_s3911598";
			};
			name = Release;
		};
		B0CF7F432CAA870E006D1087 /* Debug */ = {
			isa = XCBuildConfiguration;
			buildSettings = {
				ALWAYS_EMBED_SWIFT_STANDARD_LIBRARIES = YES;
				CODE_SIGN_STYLE = Automatic;
				CURRENT_PROJECT_VERSION = 1;
				GENERATE_INFOPLIST_FILE = YES;
				MARKETING_VERSION = 1.0;
				PRODUCT_BUNDLE_IDENTIFIER = "a2-s3911598.a2-s3911598UITests";
				PRODUCT_NAME = "$(TARGET_NAME)";
				SWIFT_EMIT_LOC_STRINGS = NO;
				SWIFT_VERSION = 5.0;
				TARGETED_DEVICE_FAMILY = "1,2";
				TEST_TARGET_NAME = a2_s3911598;
			};
			name = Debug;
		};
		B0CF7F442CAA870E006D1087 /* Release */ = {
			isa = XCBuildConfiguration;
			buildSettings = {
				ALWAYS_EMBED_SWIFT_STANDARD_LIBRARIES = YES;
				CODE_SIGN_STYLE = Automatic;
				CURRENT_PROJECT_VERSION = 1;
				GENERATE_INFOPLIST_FILE = YES;
				MARKETING_VERSION = 1.0;
				PRODUCT_BUNDLE_IDENTIFIER = "a2-s3911598.a2-s3911598UITests";
				PRODUCT_NAME = "$(TARGET_NAME)";
				SWIFT_EMIT_LOC_STRINGS = NO;
				SWIFT_VERSION = 5.0;
				TARGETED_DEVICE_FAMILY = "1,2";
				TEST_TARGET_NAME = a2_s3911598;
			};
			name = Release;
		};
/* End XCBuildConfiguration section */

/* Begin XCConfigurationList section */
		B0CF7F112CAA870D006D1087 /* Build configuration list for PBXProject "a2_s3911598" */ = {
			isa = XCConfigurationList;
			buildConfigurations = (
				B0CF7F3A2CAA870E006D1087 /* Debug */,
				B0CF7F3B2CAA870E006D1087 /* Release */,
			);
			defaultConfigurationIsVisible = 0;
			defaultConfigurationName = Release;
		};
		B0CF7F3C2CAA870E006D1087 /* Build configuration list for PBXNativeTarget "a2_s3911598" */ = {
			isa = XCConfigurationList;
			buildConfigurations = (
				B0CF7F3D2CAA870E006D1087 /* Debug */,
				B0CF7F3E2CAA870E006D1087 /* Release */,
			);
			defaultConfigurationIsVisible = 0;
			defaultConfigurationName = Release;
		};
		B0CF7F3F2CAA870E006D1087 /* Build configuration list for PBXNativeTarget "a2_s3911598Tests" */ = {
			isa = XCConfigurationList;
			buildConfigurations = (
				B0CF7F402CAA870E006D1087 /* Debug */,
				B0CF7F412CAA870E006D1087 /* Release */,
			);
			defaultConfigurationIsVisible = 0;
			defaultConfigurationName = Release;
		};
		B0CF7F422CAA870E006D1087 /* Build configuration list for PBXNativeTarget "a2_s3911598UITests" */ = {
			isa = XCConfigurationList;
			buildConfigurations = (
				B0CF7F432CAA870E006D1087 /* Debug */,
				B0CF7F442CAA870E006D1087 /* Release */,
			);
			defaultConfigurationIsVisible = 0;
			defaultConfigurationName = Release;
		};
/* End XCConfigurationList section */

/* Begin XCRemoteSwiftPackageReference section */
		81F7C4DC2CAB7535003E366F /* XCRemoteSwiftPackageReference "Auth0" */ = {
			isa = XCRemoteSwiftPackageReference;
			repositoryURL = "https://github.com/auth0/Auth0.swift";
			requirement = {
				kind = upToNextMajorVersion;
				minimumVersion = 2.9.0;
			};
		};
/* End XCRemoteSwiftPackageReference section */

/* Begin XCSwiftPackageProductDependency section */
		81B7E1AA2CAB9119001BA47F /* Auth0 */ = {
			isa = XCSwiftPackageProductDependency;
			package = 81F7C4DC2CAB7535003E366F /* XCRemoteSwiftPackageReference "Auth0" */;
			productName = Auth0;
		};
/* End XCSwiftPackageProductDependency section */
	};
	rootObject = B0CF7F0E2CAA870D006D1087 /* Project object */;
}
